
Microsoft Visual Studio Solution File, Format Version 12.00
# Visual Studio Version 17
VisualStudioVersion = 17.9.34622.214
MinimumVisualStudioVersion = 10.0.40219.1
Project("{9A19103F-16F7-4668-BE54-9A1E7A4F7556}") = "Core", "Core\Core.csproj", "{32E04305-7E57-4A44-9128-C6942178F126}"
EndProject
Project("{2150E333-8FDC-42A3-9474-1A3956D46DE8}") = "Solution Items", "Solution Items", "{DA783A15-C4D3-459F-8AF9-313FC7816E8F}"
EndProject
Project("{FAE04EC0-301F-11D3-BF4B-00C04F79EFBC}") = "ProducerAPI", "ProducerAPI\ProducerAPI.csproj", "{F3911071-812F-41EB-B722-E71A6DF106D0}"
EndProject
Global
	GlobalSection(SolutionConfigurationPlatforms) = preSolution
		Debug|Any CPU = Debug|Any CPU
		Release|Any CPU = Release|Any CPU
	EndGlobalSection
	GlobalSection(ProjectConfigurationPlatforms) = postSolution
		{32E04305-7E57-4A44-9128-C6942178F126}.Debug|Any CPU.ActiveCfg = Debug|Any CPU
		{32E04305-7E57-4A44-9128-C6942178F126}.Debug|Any CPU.Build.0 = Debug|Any CPU
		{32E04305-7E57-4A44-9128-C6942178F126}.Release|Any CPU.ActiveCfg = Release|Any CPU
		{32E04305-7E57-4A44-9128-C6942178F126}.Release|Any CPU.Build.0 = Release|Any CPU
		{F3911071-812F-41EB-B722-E71A6DF106D0}.Debug|Any CPU.ActiveCfg = Debug|Any CPU
		{F3911071-812F-41EB-B722-E71A6DF106D0}.Debug|Any CPU.Build.0 = Debug|Any CPU
		{F3911071-812F-41EB-B722-E71A6DF106D0}.Release|Any CPU.ActiveCfg = Release|Any CPU
		{F3911071-812F-41EB-B722-E71A6DF106D0}.Release|Any CPU.Build.0 = Release|Any CPU
	EndGlobalSection
	GlobalSection(SolutionProperties) = preSolution
		HideSolutionNode = FALSE
	EndGlobalSection
	GlobalSection(ExtensibilityGlobals) = postSolution
		SolutionGuid = {5CB702E6-5218-4516-8EDD-715C5DCE4BED}
	EndGlobalSection
EndGlobal
