
Microsoft Visual Studio Solution File, Format Version 12.00
# Visual Studio Version 17
VisualStudioVersion = 17.9.34622.214
MinimumVisualStudioVersion = 10.0.40219.1
Project("{FAE04EC0-301F-11D3-BF4B-00C04F79EFBC}") = "Core", "Core\Core.csproj", "{C8C25A87-1B36-4059-A582-5C01175F3641}"
EndProject
Project("{FAE04EC0-301F-11D3-BF4B-00C04F79EFBC}") = "ProducerAPI", "ProducerAPI\ProducerAPI.csproj", "{C30E275E-20B4-4289-81D0-41141DE7321D}"
EndProject
Project("{FAE04EC0-301F-11D3-BF4B-00C04F79EFBC}") = "ConsumerWorkerService", "ConsumerWorkerService\ConsumerWorkerService.csproj", "{A8B14B55-B81E-44ED-9282-4151E3CB8632}"
EndProject
Global
	GlobalSection(SolutionConfigurationPlatforms) = preSolution
		Debug|Any CPU = Debug|Any CPU
		Debug|x64 = Debug|x64
		Debug|x86 = Debug|x86
		Release|Any CPU = Release|Any CPU
		Release|x64 = Release|x64
		Release|x86 = Release|x86
	EndGlobalSection
	GlobalSection(ProjectConfigurationPlatforms) = postSolution
		{C30E275E-20B4-4289-81D0-41141DE7321D}.Debug|Any CPU.ActiveCfg = Debug|Any CPU
		{C30E275E-20B4-4289-81D0-41141DE7321D}.Debug|Any CPU.Build.0 = Debug|Any CPU
		{C30E275E-20B4-4289-81D0-41141DE7321D}.Debug|x64.ActiveCfg = Debug|Any CPU
		{C30E275E-20B4-4289-81D0-41141DE7321D}.Debug|x64.Build.0 = Debug|Any CPU
		{C30E275E-20B4-4289-81D0-41141DE7321D}.Debug|x86.ActiveCfg = Debug|Any CPU
		{C30E275E-20B4-4289-81D0-41141DE7321D}.Debug|x86.Build.0 = Debug|Any CPU
		{C30E275E-20B4-4289-81D0-41141DE7321D}.Release|Any CPU.ActiveCfg = Release|Any CPU
		{C30E275E-20B4-4289-81D0-41141DE7321D}.Release|Any CPU.Build.0 = Release|Any CPU
		{C30E275E-20B4-4289-81D0-41141DE7321D}.Release|x64.ActiveCfg = Release|Any CPU
		{C30E275E-20B4-4289-81D0-41141DE7321D}.Release|x64.Build.0 = Release|Any CPU
		{C30E275E-20B4-4289-81D0-41141DE7321D}.Release|x86.ActiveCfg = Release|Any CPU
		{C30E275E-20B4-4289-81D0-41141DE7321D}.Release|x86.Build.0 = Release|Any CPU
		{A8B14B55-B81E-44ED-9282-4151E3CB8632}.Debug|Any CPU.ActiveCfg = Debug|Any CPU
		{A8B14B55-B81E-44ED-9282-4151E3CB8632}.Debug|Any CPU.Build.0 = Debug|Any CPU
		{A8B14B55-B81E-44ED-9282-4151E3CB8632}.Debug|x64.ActiveCfg = Debug|Any CPU
		{A8B14B55-B81E-44ED-9282-4151E3CB8632}.Debug|x64.Build.0 = Debug|Any CPU
		{A8B14B55-B81E-44ED-9282-4151E3CB8632}.Debug|x86.ActiveCfg = Debug|Any CPU
		{A8B14B55-B81E-44ED-9282-4151E3CB8632}.Debug|x86.Build.0 = Debug|Any CPU
		{A8B14B55-B81E-44ED-9282-4151E3CB8632}.Release|Any CPU.ActiveCfg = Release|Any CPU
		{A8B14B55-B81E-44ED-9282-4151E3CB8632}.Release|Any CPU.Build.0 = Release|Any CPU
		{A8B14B55-B81E-44ED-9282-4151E3CB8632}.Release|x64.ActiveCfg = Release|Any CPU
		{A8B14B55-B81E-44ED-9282-4151E3CB8632}.Release|x64.Build.0 = Release|Any CPU
		{A8B14B55-B81E-44ED-9282-4151E3CB8632}.Release|x86.ActiveCfg = Release|Any CPU
		{A8B14B55-B81E-44ED-9282-4151E3CB8632}.Release|x86.Build.0 = Release|Any CPU
	EndGlobalSection
	GlobalSection(SolutionProperties) = preSolution
		HideSolutionNode = FALSE
	EndGlobalSection
	GlobalSection(ExtensibilityGlobals) = postSolution
		SolutionGuid = {5CB702E6-5218-4516-8EDD-715C5DCE4BED}
	EndGlobalSection
EndGlobal
